
Microsoft Visual Studio Solution File, Format Version 12.00
# Visual Studio Version 17
VisualStudioVersion = 17.9.34723.18
MinimumVisualStudioVersion = 10.0.40219.1
Project("{FAE04EC0-301F-11D3-BF4B-00C04F79EFBC}") = "WinFormsContacts", "WinFormsContacts\WinFormsContacts.csproj", "{F4CA30B1-710B-41BD-8282-D3E23FE63EFB}"
EndProject
Global
	GlobalSection(SolutionConfigurationPlatforms) = preSolution
		Debug|Any CPU = Debug|Any CPU
		Release|Any CPU = Release|Any CPU
	EndGlobalSection
	GlobalSection(ProjectConfigurationPlatforms) = postSolution
		{F4CA30B1-710B-41BD-8282-D3E23FE63EFB}.Debug|Any CPU.ActiveCfg = Debug|Any CPU
		{F4CA30B1-710B-41BD-8282-D3E23FE63EFB}.Debug|Any CPU.Build.0 = Debug|Any CPU
		{F4CA30B1-710B-41BD-8282-D3E23FE63EFB}.Release|Any CPU.ActiveCfg = Release|Any CPU
		{F4CA30B1-710B-41BD-8282-D3E23FE63EFB}.Release|Any CPU.Build.0 = Release|Any CPU
	EndGlobalSection
	GlobalSection(SolutionProperties) = preSolution
		HideSolutionNode = FALSE
	EndGlobalSection
	GlobalSection(ExtensibilityGlobals) = postSolution
		SolutionGuid = {B7A5B6A1-DAB9-4CED-92B0-AF0EE23FB37E}
	EndGlobalSection
EndGlobal
